
Microsoft Visual Studio Solution File, Format Version 12.00
# Visual Studio Version 17
VisualStudioVersion = 17.14.36301.6 d17.14
MinimumVisualStudioVersion = 10.0.40219.1
Project("{FAE04EC0-301F-11D3-BF4B-00C04F79EFBC}") = "Function", "Function\Function.csproj", "{F837CC9B-DB24-4D26-BC7D-FF5FD3A396D6}"
EndProject
Global
	GlobalSection(SolutionConfigurationPlatforms) = preSolution
		Debug|Any CPU = Debug|Any CPU
		Release|Any CPU = Release|Any CPU
	EndGlobalSection
	GlobalSection(ProjectConfigurationPlatforms) = postSolution
		{F837CC9B-DB24-4D26-BC7D-FF5FD3A396D6}.Debug|Any CPU.ActiveCfg = Debug|Any CPU
		{F837CC9B-DB24-4D26-BC7D-FF5FD3A396D6}.Debug|Any CPU.Build.0 = Debug|Any CPU
		{F837CC9B-DB24-4D26-BC7D-FF5FD3A396D6}.Release|Any CPU.ActiveCfg = Release|Any CPU
		{F837CC9B-DB24-4D26-BC7D-FF5FD3A396D6}.Release|Any CPU.Build.0 = Release|Any CPU
	EndGlobalSection
	GlobalSection(SolutionProperties) = preSolution
		HideSolutionNode = FALSE
	EndGlobalSection
	GlobalSection(ExtensibilityGlobals) = postSolution
		SolutionGuid = {590F6A0D-D2B0-4DE0-ABE0-DA67B2196FA2}
	EndGlobalSection
EndGlobal
